
Microsoft Visual Studio Solution File, Format Version 12.00
# Visual Studio Version 17
VisualStudioVersion = 17.8.34316.72
MinimumVisualStudioVersion = 10.0.40219.1
Project("{FAE04EC0-301F-11D3-BF4B-00C04F79EFBC}") = "ContactsApp", "ContactsApp\ContactsApp.csproj", "{E19281A3-B077-44C5-8A87-C95E9D63784C}"
EndProject
Global
	GlobalSection(SolutionConfigurationPlatforms) = preSolution
		Debug|Any CPU = Debug|Any CPU
		Release|Any CPU = Release|Any CPU
	EndGlobalSection
	GlobalSection(ProjectConfigurationPlatforms) = postSolution
		{E19281A3-B077-44C5-8A87-C95E9D63784C}.Debug|Any CPU.ActiveCfg = Debug|Any CPU
		{E19281A3-B077-44C5-8A87-C95E9D63784C}.Debug|Any CPU.Build.0 = Debug|Any CPU
		{E19281A3-B077-44C5-8A87-C95E9D63784C}.Release|Any CPU.ActiveCfg = Release|Any CPU
		{E19281A3-B077-44C5-8A87-C95E9D63784C}.Release|Any CPU.Build.0 = Release|Any CPU
	EndGlobalSection
	GlobalSection(SolutionProperties) = preSolution
		HideSolutionNode = FALSE
	EndGlobalSection
	GlobalSection(ExtensibilityGlobals) = postSolution
		SolutionGuid = {26284765-1127-4AE5-8BFE-E6119B2FC638}
	EndGlobalSection
EndGlobal
